// !$*UTF8*$!
{
	archiveVersion = 1;
	classes = {
	};
	objectVersion = 77;
	objects = {

/* Begin PBXBuildFile section */
		55F0B8A82DAAFF8E00C38644 /* ComposableArchitecture in Frameworks */ = {isa = PBXBuildFile; productRef = 55F0B8A72DAAFF8E00C38644 /* ComposableArchitecture */; };
		55F0B9182DAB073900C38644 /* the_call_of_cthulhu_chapter_2.mp3 in Resources */ = {isa = PBXBuildFile; fileRef = 55F0B9112DAB073900C38644 /* the_call_of_cthulhu_chapter_2.mp3 */; };
		55F0B9192DAB073900C38644 /* the_call_of_cthulhu.json in Resources */ = {isa = PBXBuildFile; fileRef = 55F0B90F2DAB073900C38644 /* the_call_of_cthulhu.json */; };
		55F0B91A2DAB073900C38644 /* the_call_of_cthulhu_chapter_cover.jpg in Resources */ = {isa = PBXBuildFile; fileRef = 55F0B9162DAB073900C38644 /* the_call_of_cthulhu_chapter_cover.jpg */; };
		55F0B91B2DAB073900C38644 /* the_call_of_cthulhu_chapter_4.mp3 in Resources */ = {isa = PBXBuildFile; fileRef = 55F0B9132DAB073900C38644 /* the_call_of_cthulhu_chapter_4.mp3 */; };
		55F0B91C2DAB073900C38644 /* the_call_of_cthulhu_chapter_5.mp3 in Resources */ = {isa = PBXBuildFile; fileRef = 55F0B9142DAB073900C38644 /* the_call_of_cthulhu_chapter_5.mp3 */; };
		55F0B91D2DAB073900C38644 /* the_call_of_cthulhu_chapter_1.mp3 in Resources */ = {isa = PBXBuildFile; fileRef = 55F0B9102DAB073900C38644 /* the_call_of_cthulhu_chapter_1.mp3 */; };
		55F0B91E2DAB073900C38644 /* the_call_of_cthulhu_chapter_3.mp3 in Resources */ = {isa = PBXBuildFile; fileRef = 55F0B9122DAB073900C38644 /* the_call_of_cthulhu_chapter_3.mp3 */; };
		55F0B91F2DAB073900C38644 /* the_call_of_cthulhu_chapter_6.mp3 in Resources */ = {isa = PBXBuildFile; fileRef = 55F0B9152DAB073900C38644 /* the_call_of_cthulhu_chapter_6.mp3 */; };
/* End PBXBuildFile section */

/* Begin PBXContainerItemProxy section */
		55081B712DAABFFA00BE035E /* PBXContainerItemProxy */ = {
			isa = PBXContainerItemProxy;
			containerPortal = 55081B5B2DAABFF900BE035E /* Project object */;
			proxyType = 1;
			remoteGlobalIDString = 55081B622DAABFF900BE035E;
			remoteInfo = summary_reader;
		};
		55081B7B2DAABFFA00BE035E /* PBXContainerItemProxy */ = {
			isa = PBXContainerItemProxy;
			containerPortal = 55081B5B2DAABFF900BE035E /* Project object */;
			proxyType = 1;
			remoteGlobalIDString = 55081B622DAABFF900BE035E;
			remoteInfo = summary_reader;
		};
/* End PBXContainerItemProxy section */

/* Begin PBXFileReference section */
		55081B632DAABFF900BE035E /* summary_reader.app */ = {isa = PBXFileReference; explicitFileType = wrapper.application; includeInIndex = 0; path = summary_reader.app; sourceTree = BUILT_PRODUCTS_DIR; };
		55081B702DAABFFA00BE035E /* summary_readerTests.xctest */ = {isa = PBXFileReference; explicitFileType = wrapper.cfbundle; includeInIndex = 0; path = summary_readerTests.xctest; sourceTree = BUILT_PRODUCTS_DIR; };
		55081B7A2DAABFFA00BE035E /* summary_readerUITests.xctest */ = {isa = PBXFileReference; explicitFileType = wrapper.cfbundle; includeInIndex = 0; path = summary_readerUITests.xctest; sourceTree = BUILT_PRODUCTS_DIR; };
		55F0B90F2DAB073900C38644 /* the_call_of_cthulhu.json */ = {isa = PBXFileReference; lastKnownFileType = text.json; path = the_call_of_cthulhu.json; sourceTree = "<group>"; };
		55F0B9102DAB073900C38644 /* the_call_of_cthulhu_chapter_1.mp3 */ = {isa = PBXFileReference; lastKnownFileType = audio.mp3; path = the_call_of_cthulhu_chapter_1.mp3; sourceTree = "<group>"; };
		55F0B9112DAB073900C38644 /* the_call_of_cthulhu_chapter_2.mp3 */ = {isa = PBXFileReference; lastKnownFileType = audio.mp3; path = the_call_of_cthulhu_chapter_2.mp3; sourceTree = "<group>"; };
		55F0B9122DAB073900C38644 /* the_call_of_cthulhu_chapter_3.mp3 */ = {isa = PBXFileReference; lastKnownFileType = audio.mp3; path = the_call_of_cthulhu_chapter_3.mp3; sourceTree = "<group>"; };
		55F0B9132DAB073900C38644 /* the_call_of_cthulhu_chapter_4.mp3 */ = {isa = PBXFileReference; lastKnownFileType = audio.mp3; path = the_call_of_cthulhu_chapter_4.mp3; sourceTree = "<group>"; };
		55F0B9142DAB073900C38644 /* the_call_of_cthulhu_chapter_5.mp3 */ = {isa = PBXFileReference; lastKnownFileType = audio.mp3; path = the_call_of_cthulhu_chapter_5.mp3; sourceTree = "<group>"; };
		55F0B9152DAB073900C38644 /* the_call_of_cthulhu_chapter_6.mp3 */ = {isa = PBXFileReference; lastKnownFileType = audio.mp3; path = the_call_of_cthulhu_chapter_6.mp3; sourceTree = "<group>"; };
		55F0B9162DAB073900C38644 /* the_call_of_cthulhu_chapter_cover.jpg */ = {isa = PBXFileReference; lastKnownFileType = image.jpeg; path = the_call_of_cthulhu_chapter_cover.jpg; sourceTree = "<group>"; };
/* End PBXFileReference section */

/* Begin PBXFileSystemSynchronizedBuildFileExceptionSet section */
		55F0B94C2DAE916A00C38644 /* Exceptions for "summary_reader" folder in "summary_readerTests" target */ = {
			isa = PBXFileSystemSynchronizedBuildFileExceptionSet;
			membershipExceptions = (
				Clients/AudioBookLoadingClient.swift,
				Clients/AudioFileClient.swift,
				Clients/AudioPlayerClient.swift,
				Features/ChapterPlayerFeature.swift,
				Features/LoadAudioBookFeature.swift,
				Models/AudioBook.swift,
				Models/Chapter.swift,
			);
			target = 55081B6F2DAABFFA00BE035E /* summary_readerTests */;
		};
/* End PBXFileSystemSynchronizedBuildFileExceptionSet section */

/* Begin PBXFileSystemSynchronizedRootGroup section */
		55081B652DAABFF900BE035E /* summary_reader */ = {
			isa = PBXFileSystemSynchronizedRootGroup;
			exceptions = (
				55F0B94C2DAE916A00C38644 /* Exceptions for "summary_reader" folder in "summary_readerTests" target */,
			);
			path = summary_reader;
			sourceTree = "<group>";
		};
		55081B732DAABFFA00BE035E /* summary_readerTests */ = {
			isa = PBXFileSystemSynchronizedRootGroup;
			path = summary_readerTests;
			sourceTree = "<group>";
		};
		55081B7D2DAABFFA00BE035E /* summary_readerUITests */ = {
			isa = PBXFileSystemSynchronizedRootGroup;
			path = summary_readerUITests;
			sourceTree = "<group>";
		};
/* End PBXFileSystemSynchronizedRootGroup section */

/* Begin PBXFrameworksBuildPhase section */
		55081B602DAABFF900BE035E /* Frameworks */ = {
			isa = PBXFrameworksBuildPhase;
			buildActionMask = 2147483647;
			files = (
				55F0B8A82DAAFF8E00C38644 /* ComposableArchitecture in Frameworks */,
			);
			runOnlyForDeploymentPostprocessing = 0;
		};
		55081B6D2DAABFFA00BE035E /* Frameworks */ = {
			isa = PBXFrameworksBuildPhase;
			buildActionMask = 2147483647;
			files = (
			);
			runOnlyForDeploymentPostprocessing = 0;
		};
		55081B772DAABFFA00BE035E /* Frameworks */ = {
			isa = PBXFrameworksBuildPhase;
			buildActionMask = 2147483647;
			files = (
			);
			runOnlyForDeploymentPostprocessing = 0;
		};
/* End PBXFrameworksBuildPhase section */

/* Begin PBXGroup section */
		55081B5A2DAABFF900BE035E = {
			isa = PBXGroup;
			children = (
				55F0B90F2DAB073900C38644 /* the_call_of_cthulhu.json */,
				55F0B9102DAB073900C38644 /* the_call_of_cthulhu_chapter_1.mp3 */,
				55F0B9112DAB073900C38644 /* the_call_of_cthulhu_chapter_2.mp3 */,
				55F0B9122DAB073900C38644 /* the_call_of_cthulhu_chapter_3.mp3 */,
				55F0B9132DAB073900C38644 /* the_call_of_cthulhu_chapter_4.mp3 */,
				55F0B9142DAB073900C38644 /* the_call_of_cthulhu_chapter_5.mp3 */,
				55F0B9152DAB073900C38644 /* the_call_of_cthulhu_chapter_6.mp3 */,
				55F0B9162DAB073900C38644 /* the_call_of_cthulhu_chapter_cover.jpg */,
				55081B652DAABFF900BE035E /* summary_reader */,
				55081B732DAABFFA00BE035E /* summary_readerTests */,
				55081B7D2DAABFFA00BE035E /* summary_readerUITests */,
				55081B642DAABFF900BE035E /* Products */,
			);
			sourceTree = "<group>";
		};
		55081B642DAABFF900BE035E /* Products */ = {
			isa = PBXGroup;
			children = (
				55081B632DAABFF900BE035E /* summary_reader.app */,
				55081B702DAABFFA00BE035E /* summary_readerTests.xctest */,
				55081B7A2DAABFFA00BE035E /* summary_readerUITests.xctest */,
			);
			name = Products;
			sourceTree = "<group>";
		};
/* End PBXGroup section */

/* Begin PBXNativeTarget section */
		55081B622DAABFF900BE035E /* summary_reader */ = {
			isa = PBXNativeTarget;
			buildConfigurationList = 55081B842DAABFFA00BE035E /* Build configuration list for PBXNativeTarget "summary_reader" */;
			buildPhases = (
				55081B5F2DAABFF900BE035E /* Sources */,
				55081B602DAABFF900BE035E /* Frameworks */,
				55081B612DAABFF900BE035E /* Resources */,
			);
			buildRules = (
			);
			dependencies = (
			);
			fileSystemSynchronizedGroups = (
				55081B652DAABFF900BE035E /* summary_reader */,
			);
			name = summary_reader;
			packageProductDependencies = (
				55F0B8A72DAAFF8E00C38644 /* ComposableArchitecture */,
			);
			productName = summary_reader;
			productReference = 55081B632DAABFF900BE035E /* summary_reader.app */;
			productType = "com.apple.product-type.application";
		};
		55081B6F2DAABFFA00BE035E /* summary_readerTests */ = {
			isa = PBXNativeTarget;
			buildConfigurationList = 55081B872DAABFFA00BE035E /* Build configuration list for PBXNativeTarget "summary_readerTests" */;
			buildPhases = (
				55081B6C2DAABFFA00BE035E /* Sources */,
				55081B6D2DAABFFA00BE035E /* Frameworks */,
				55081B6E2DAABFFA00BE035E /* Resources */,
			);
			buildRules = (
			);
			dependencies = (
				55081B722DAABFFA00BE035E /* PBXTargetDependency */,
			);
			fileSystemSynchronizedGroups = (
				55081B732DAABFFA00BE035E /* summary_readerTests */,
			);
			name = summary_readerTests;
			packageProductDependencies = (
			);
			productName = summary_readerTests;
			productReference = 55081B702DAABFFA00BE035E /* summary_readerTests.xctest */;
			productType = "com.apple.product-type.bundle.unit-test";
		};
		55081B792DAABFFA00BE035E /* summary_readerUITests */ = {
			isa = PBXNativeTarget;
			buildConfigurationList = 55081B8A2DAABFFA00BE035E /* Build configuration list for PBXNativeTarget "summary_readerUITests" */;
			buildPhases = (
				55081B762DAABFFA00BE035E /* Sources */,
				55081B772DAABFFA00BE035E /* Frameworks */,
				55081B782DAABFFA00BE035E /* Resources */,
			);
			buildRules = (
			);
			dependencies = (
				55081B7C2DAABFFA00BE035E /* PBXTargetDependency */,
			);
			fileSystemSynchronizedGroups = (
				55081B7D2DAABFFA00BE035E /* summary_readerUITests */,
			);
			name = summary_readerUITests;
			packageProductDependencies = (
			);
			productName = summary_readerUITests;
			productReference = 55081B7A2DAABFFA00BE035E /* summary_readerUITests.xctest */;
			productType = "com.apple.product-type.bundle.ui-testing";
		};
/* End PBXNativeTarget section */

/* Begin PBXProject section */
		55081B5B2DAABFF900BE035E /* Project object */ = {
			isa = PBXProject;
			attributes = {
				BuildIndependentTargetsInParallel = 1;
				LastSwiftUpdateCheck = 1630;
				LastUpgradeCheck = 1630;
				TargetAttributes = {
					55081B622DAABFF900BE035E = {
						CreatedOnToolsVersion = 16.3;
					};
					55081B6F2DAABFFA00BE035E = {
						CreatedOnToolsVersion = 16.3;
						TestTargetID = 55081B622DAABFF900BE035E;
					};
					55081B792DAABFFA00BE035E = {
						CreatedOnToolsVersion = 16.3;
						TestTargetID = 55081B622DAABFF900BE035E;
					};
				};
			};
			buildConfigurationList = 55081B5E2DAABFF900BE035E /* Build configuration list for PBXProject "summary_reader" */;
			developmentRegion = en;
			hasScannedForEncodings = 0;
			knownRegions = (
				en,
				Base,
			);
			mainGroup = 55081B5A2DAABFF900BE035E;
			minimizedProjectReferenceProxies = 1;
			packageReferences = (
				55F0B8A62DAAFF8E00C38644 /* XCRemoteSwiftPackageReference "swift-composable-architecture" */,
			);
			preferredProjectObjectVersion = 77;
			productRefGroup = 55081B642DAABFF900BE035E /* Products */;
			projectDirPath = "";
			projectRoot = "";
			targets = (
				55081B622DAABFF900BE035E /* summary_reader */,
				55081B6F2DAABFFA00BE035E /* summary_readerTests */,
				55081B792DAABFFA00BE035E /* summary_readerUITests */,
			);
		};
/* End PBXProject section */

/* Begin PBXResourcesBuildPhase section */
		55081B612DAABFF900BE035E /* Resources */ = {
			isa = PBXResourcesBuildPhase;
			buildActionMask = 2147483647;
			files = (
				55F0B9182DAB073900C38644 /* the_call_of_cthulhu_chapter_2.mp3 in Resources */,
				55F0B9192DAB073900C38644 /* the_call_of_cthulhu.json in Resources */,
				55F0B91A2DAB073900C38644 /* the_call_of_cthulhu_chapter_cover.jpg in Resources */,
				55F0B91B2DAB073900C38644 /* the_call_of_cthulhu_chapter_4.mp3 in Resources */,
				55F0B91C2DAB073900C38644 /* the_call_of_cthulhu_chapter_5.mp3 in Resources */,
				55F0B91D2DAB073900C38644 /* the_call_of_cthulhu_chapter_1.mp3 in Resources */,
				55F0B91E2DAB073900C38644 /* the_call_of_cthulhu_chapter_3.mp3 in Resources */,
				55F0B91F2DAB073900C38644 /* the_call_of_cthulhu_chapter_6.mp3 in Resources */,
			);
			runOnlyForDeploymentPostprocessing = 0;
		};
		55081B6E2DAABFFA00BE035E /* Resources */ = {
			isa = PBXResourcesBuildPhase;
			buildActionMask = 2147483647;
			files = (
			);
			runOnlyForDeploymentPostprocessing = 0;
		};
		55081B782DAABFFA00BE035E /* Resources */ = {
			isa = PBXResourcesBuildPhase;
			buildActionMask = 2147483647;
			files = (
			);
			runOnlyForDeploymentPostprocessing = 0;
		};
/* End PBXResourcesBuildPhase section */

/* Begin PBXSourcesBuildPhase section */
		55081B5F2DAABFF900BE035E /* Sources */ = {
			isa = PBXSourcesBuildPhase;
			buildActionMask = 2147483647;
			files = (
			);
			runOnlyForDeploymentPostprocessing = 0;
		};
		55081B6C2DAABFFA00BE035E /* Sources */ = {
			isa = PBXSourcesBuildPhase;
			buildActionMask = 2147483647;
			files = (
			);
			runOnlyForDeploymentPostprocessing = 0;
		};
		55081B762DAABFFA00BE035E /* Sources */ = {
			isa = PBXSourcesBuildPhase;
			buildActionMask = 2147483647;
			files = (
			);
			runOnlyForDeploymentPostprocessing = 0;
		};
/* End PBXSourcesBuildPhase section */

/* Begin PBXTargetDependency section */
		55081B722DAABFFA00BE035E /* PBXTargetDependency */ = {
			isa = PBXTargetDependency;
			target = 55081B622DAABFF900BE035E /* summary_reader */;
			targetProxy = 55081B712DAABFFA00BE035E /* PBXContainerItemProxy */;
		};
		55081B7C2DAABFFA00BE035E /* PBXTargetDependency */ = {
			isa = PBXTargetDependency;
			target = 55081B622DAABFF900BE035E /* summary_reader */;
			targetProxy = 55081B7B2DAABFFA00BE035E /* PBXContainerItemProxy */;
		};
/* End PBXTargetDependency section */

/* Begin XCBuildConfiguration section */
		55081B822DAABFFA00BE035E /* Debug */ = {
			isa = XCBuildConfiguration;
			buildSettings = {
				ALWAYS_SEARCH_USER_PATHS = NO;
				ASSETCATALOG_COMPILER_GENERATE_SWIFT_ASSET_SYMBOL_EXTENSIONS = YES;
				CLANG_ANALYZER_NONNULL = YES;
				CLANG_ANALYZER_NUMBER_OBJECT_CONVERSION = YES_AGGRESSIVE;
				CLANG_CXX_LANGUAGE_STANDARD = "gnu++20";
				CLANG_ENABLE_MODULES = YES;
				CLANG_ENABLE_OBJC_ARC = YES;
				CLANG_ENABLE_OBJC_WEAK = YES;
				CLANG_WARN_BLOCK_CAPTURE_AUTORELEASING = YES;
				CLANG_WARN_BOOL_CONVERSION = YES;
				CLANG_WARN_COMMA = YES;
				CLANG_WARN_CONSTANT_CONVERSION = YES;
				CLANG_WARN_DEPRECATED_OBJC_IMPLEMENTATIONS = YES;
				CLANG_WARN_DIRECT_OBJC_ISA_USAGE = YES_ERROR;
				CLANG_WARN_DOCUMENTATION_COMMENTS = YES;
				CLANG_WARN_EMPTY_BODY = YES;
				CLANG_WARN_ENUM_CONVERSION = YES;
				CLANG_WARN_INFINITE_RECURSION = YES;
				CLANG_WARN_INT_CONVERSION = YES;
				CLANG_WARN_NON_LITERAL_NULL_CONVERSION = YES;
				CLANG_WARN_OBJC_IMPLICIT_RETAIN_SELF = YES;
				CLANG_WARN_OBJC_LITERAL_CONVERSION = YES;
				CLANG_WARN_OBJC_ROOT_CLASS = YES_ERROR;
				CLANG_WARN_QUOTED_INCLUDE_IN_FRAMEWORK_HEADER = YES;
				CLANG_WARN_RANGE_LOOP_ANALYSIS = YES;
				CLANG_WARN_STRICT_PROTOTYPES = YES;
				CLANG_WARN_SUSPICIOUS_MOVE = YES;
				CLANG_WARN_UNGUARDED_AVAILABILITY = YES_AGGRESSIVE;
				CLANG_WARN_UNREACHABLE_CODE = YES;
				CLANG_WARN__DUPLICATE_METHOD_MATCH = YES;
				COPY_PHASE_STRIP = NO;
				DEBUG_INFORMATION_FORMAT = dwarf;
				DEVELOPMENT_TEAM = LXMU6KJNUJ;
				ENABLE_STRICT_OBJC_MSGSEND = YES;
				ENABLE_TESTABILITY = YES;
				ENABLE_USER_SCRIPT_SANDBOXING = YES;
				GCC_C_LANGUAGE_STANDARD = gnu17;
				GCC_DYNAMIC_NO_PIC = NO;
				GCC_NO_COMMON_BLOCKS = YES;
				GCC_OPTIMIZATION_LEVEL = 0;
				GCC_PREPROCESSOR_DEFINITIONS = (
					"DEBUG=1",
					"$(inherited)",
				);
				GCC_WARN_64_TO_32_BIT_CONVERSION = YES;
				GCC_WARN_ABOUT_RETURN_TYPE = YES_ERROR;
				GCC_WARN_UNDECLARED_SELECTOR = YES;
				GCC_WARN_UNINITIALIZED_AUTOS = YES_AGGRESSIVE;
				GCC_WARN_UNUSED_FUNCTION = YES;
				GCC_WARN_UNUSED_VARIABLE = YES;
				IPHONEOS_DEPLOYMENT_TARGET = 18.4;
				LOCALIZATION_PREFERS_STRING_CATALOGS = YES;
				MTL_ENABLE_DEBUG_INFO = INCLUDE_SOURCE;
				MTL_FAST_MATH = YES;
				ONLY_ACTIVE_ARCH = YES;
				SDKROOT = iphoneos;
				SWIFT_ACTIVE_COMPILATION_CONDITIONS = "DEBUG $(inherited)";
				SWIFT_OPTIMIZATION_LEVEL = "-Onone";
			};
			name = Debug;
		};
		55081B832DAABFFA00BE035E /* Release */ = {
			isa = XCBuildConfiguration;
			buildSettings = {
				ALWAYS_SEARCH_USER_PATHS = NO;
				ASSETCATALOG_COMPILER_GENERATE_SWIFT_ASSET_SYMBOL_EXTENSIONS = YES;
				CLANG_ANALYZER_NONNULL = YES;
				CLANG_ANALYZER_NUMBER_OBJECT_CONVERSION = YES_AGGRESSIVE;
				CLANG_CXX_LANGUAGE_STANDARD = "gnu++20";
				CLANG_ENABLE_MODULES = YES;
				CLANG_ENABLE_OBJC_ARC = YES;
				CLANG_ENABLE_OBJC_WEAK = YES;
				CLANG_WARN_BLOCK_CAPTURE_AUTORELEASING = YES;
				CLANG_WARN_BOOL_CONVERSION = YES;
				CLANG_WARN_COMMA = YES;
				CLANG_WARN_CONSTANT_CONVERSION = YES;
				CLANG_WARN_DEPRECATED_OBJC_IMPLEMENTATIONS = YES;
				CLANG_WARN_DIRECT_OBJC_ISA_USAGE = YES_ERROR;
				CLANG_WARN_DOCUMENTATION_COMMENTS = YES;
				CLANG_WARN_EMPTY_BODY = YES;
				CLANG_WARN_ENUM_CONVERSION = YES;
				CLANG_WARN_INFINITE_RECURSION = YES;
				CLANG_WARN_INT_CONVERSION = YES;
				CLANG_WARN_NON_LITERAL_NULL_CONVERSION = YES;
				CLANG_WARN_OBJC_IMPLICIT_RETAIN_SELF = YES;
				CLANG_WARN_OBJC_LITERAL_CONVERSION = YES;
				CLANG_WARN_OBJC_ROOT_CLASS = YES_ERROR;
				CLANG_WARN_QUOTED_INCLUDE_IN_FRAMEWORK_HEADER = YES;
				CLANG_WARN_RANGE_LOOP_ANALYSIS = YES;
				CLANG_WARN_STRICT_PROTOTYPES = YES;
				CLANG_WARN_SUSPICIOUS_MOVE = YES;
				CLANG_WARN_UNGUARDED_AVAILABILITY = YES_AGGRESSIVE;
				CLANG_WARN_UNREACHABLE_CODE = YES;
				CLANG_WARN__DUPLICATE_METHOD_MATCH = YES;
				COPY_PHASE_STRIP = NO;
				DEBUG_INFORMATION_FORMAT = "dwarf-with-dsym";
				DEVELOPMENT_TEAM = LXMU6KJNUJ;
				ENABLE_NS_ASSERTIONS = NO;
				ENABLE_STRICT_OBJC_MSGSEND = YES;
				ENABLE_USER_SCRIPT_SANDBOXING = YES;
				GCC_C_LANGUAGE_STANDARD = gnu17;
				GCC_NO_COMMON_BLOCKS = YES;
				GCC_WARN_64_TO_32_BIT_CONVERSION = YES;
				GCC_WARN_ABOUT_RETURN_TYPE = YES_ERROR;
				GCC_WARN_UNDECLARED_SELECTOR = YES;
				GCC_WARN_UNINITIALIZED_AUTOS = YES_AGGRESSIVE;
				GCC_WARN_UNUSED_FUNCTION = YES;
				GCC_WARN_UNUSED_VARIABLE = YES;
				IPHONEOS_DEPLOYMENT_TARGET = 18.4;
				LOCALIZATION_PREFERS_STRING_CATALOGS = YES;
				MTL_ENABLE_DEBUG_INFO = NO;
				MTL_FAST_MATH = YES;
				SDKROOT = iphoneos;
				SWIFT_COMPILATION_MODE = wholemodule;
				VALIDATE_PRODUCT = YES;
			};
			name = Release;
		};
		55081B852DAABFFA00BE035E /* Debug */ = {
			isa = XCBuildConfiguration;
			buildSettings = {
				ASSETCATALOG_COMPILER_APPICON_NAME = AppIcon;
				ASSETCATALOG_COMPILER_GLOBAL_ACCENT_COLOR_NAME = AccentColor;
				CODE_SIGN_STYLE = Automatic;
				CURRENT_PROJECT_VERSION = 1;
				DEVELOPMENT_TEAM = LXMU6KJNUJ;
				ENABLE_PREVIEWS = YES;
				GENERATE_INFOPLIST_FILE = YES;
				INFOPLIST_KEY_UIApplicationSceneManifest_Generation = YES;
				INFOPLIST_KEY_UIApplicationSupportsIndirectInputEvents = YES;
				INFOPLIST_KEY_UILaunchScreen_Generation = YES;
				INFOPLIST_KEY_UISupportedInterfaceOrientations_iPad = "UIInterfaceOrientationPortrait UIInterfaceOrientationPortraitUpsideDown UIInterfaceOrientationLandscapeLeft UIInterfaceOrientationLandscapeRight";
				INFOPLIST_KEY_UISupportedInterfaceOrientations_iPhone = "UIInterfaceOrientationPortrait UIInterfaceOrientationLandscapeLeft UIInterfaceOrientationLandscapeRight";
				LD_RUNPATH_SEARCH_PATHS = (
					"$(inherited)",
					"@executable_path/Frameworks",
				);
				MARKETING_VERSION = 1.0;
				PRODUCT_BUNDLE_IDENTIFIER = "com.serjjedi.summary-reader";
				PRODUCT_NAME = "$(TARGET_NAME)";
				SWIFT_EMIT_LOC_STRINGS = YES;
				SWIFT_VERSION = 5.0;
				TARGETED_DEVICE_FAMILY = "1,2";
			};
			name = Debug;
		};
		55081B862DAABFFA00BE035E /* Release */ = {
			isa = XCBuildConfiguration;
			buildSettings = {
				ASSETCATALOG_COMPILER_APPICON_NAME = AppIcon;
				ASSETCATALOG_COMPILER_GLOBAL_ACCENT_COLOR_NAME = AccentColor;
				CODE_SIGN_STYLE = Automatic;
				CURRENT_PROJECT_VERSION = 1;
				DEVELOPMENT_TEAM = LXMU6KJNUJ;
				ENABLE_PREVIEWS = YES;
				GENERATE_INFOPLIST_FILE = YES;
				INFOPLIST_KEY_UIApplicationSceneManifest_Generation = YES;
				INFOPLIST_KEY_UIApplicationSupportsIndirectInputEvents = YES;
				INFOPLIST_KEY_UILaunchScreen_Generation = YES;
				INFOPLIST_KEY_UISupportedInterfaceOrientations_iPad = "UIInterfaceOrientationPortrait UIInterfaceOrientationPortraitUpsideDown UIInterfaceOrientationLandscapeLeft UIInterfaceOrientationLandscapeRight";
				INFOPLIST_KEY_UISupportedInterfaceOrientations_iPhone = "UIInterfaceOrientationPortrait UIInterfaceOrientationLandscapeLeft UIInterfaceOrientationLandscapeRight";
				LD_RUNPATH_SEARCH_PATHS = (
					"$(inherited)",
					"@executable_path/Frameworks",
				);
				MARKETING_VERSION = 1.0;
				PRODUCT_BUNDLE_IDENTIFIER = "com.serjjedi.summary-reader";
				PRODUCT_NAME = "$(TARGET_NAME)";
				SWIFT_EMIT_LOC_STRINGS = YES;
				SWIFT_VERSION = 5.0;
				TARGETED_DEVICE_FAMILY = "1,2";
			};
			name = Release;
		};
		55081B882DAABFFA00BE035E /* Debug */ = {
			isa = XCBuildConfiguration;
			buildSettings = {
				BUNDLE_LOADER = "$(TEST_HOST)";
				CODE_SIGN_STYLE = Automatic;
				CURRENT_PROJECT_VERSION = 1;
				DEVELOPMENT_TEAM = LXMU6KJNUJ;
				GENERATE_INFOPLIST_FILE = YES;
				IPHONEOS_DEPLOYMENT_TARGET = 18.4;
				MARKETING_VERSION = 1.0;
				PRODUCT_BUNDLE_IDENTIFIER = "com.serjjedi.summary-readerTests";
				PRODUCT_NAME = "$(TARGET_NAME)";
				SWIFT_EMIT_LOC_STRINGS = NO;
				SWIFT_VERSION = 5.0;
				TARGETED_DEVICE_FAMILY = "1,2";
				TEST_HOST = "$(BUILT_PRODUCTS_DIR)/summary_reader.app/$(BUNDLE_EXECUTABLE_FOLDER_PATH)/summary_reader";
			};
			name = Debug;
		};
		55081B892DAABFFA00BE035E /* Release */ = {
			isa = XCBuildConfiguration;
			buildSettings = {
				BUNDLE_LOADER = "$(TEST_HOST)";
				CODE_SIGN_STYLE = Automatic;
				CURRENT_PROJECT_VERSION = 1;
				DEVELOPMENT_TEAM = LXMU6KJNUJ;
				GENERATE_INFOPLIST_FILE = YES;
				IPHONEOS_DEPLOYMENT_TARGET = 18.4;
				MARKETING_VERSION = 1.0;
				PRODUCT_BUNDLE_IDENTIFIER = "com.serjjedi.summary-readerTests";
				PRODUCT_NAME = "$(TARGET_NAME)";
				SWIFT_EMIT_LOC_STRINGS = NO;
				SWIFT_VERSION = 5.0;
				TARGETED_DEVICE_FAMILY = "1,2";
				TEST_HOST = "$(BUILT_PRODUCTS_DIR)/summary_reader.app/$(BUNDLE_EXECUTABLE_FOLDER_PATH)/summary_reader";
			};
			name = Release;
		};
		55081B8B2DAABFFA00BE035E /* Debug */ = {
			isa = XCBuildConfiguration;
			buildSettings = {
				CODE_SIGN_STYLE = Automatic;
				CURRENT_PROJECT_VERSION = 1;
				DEVELOPMENT_TEAM = LXMU6KJNUJ;
				GENERATE_INFOPLIST_FILE = YES;
				MARKETING_VERSION = 1.0;
				PRODUCT_BUNDLE_IDENTIFIER = "com.serjjedi.summary-readerUITests";
				PRODUCT_NAME = "$(TARGET_NAME)";
				SWIFT_EMIT_LOC_STRINGS = NO;
				SWIFT_VERSION = 5.0;
				TARGETED_DEVICE_FAMILY = "1,2";
				TEST_TARGET_NAME = summary_reader;
			};
			name = Debug;
		};
		55081B8C2DAABFFA00BE035E /* Release */ = {
			isa = XCBuildConfiguration;
			buildSettings = {
				CODE_SIGN_STYLE = Automatic;
				CURRENT_PROJECT_VERSION = 1;
				DEVELOPMENT_TEAM = LXMU6KJNUJ;
				GENERATE_INFOPLIST_FILE = YES;
				MARKETING_VERSION = 1.0;
				PRODUCT_BUNDLE_IDENTIFIER = "com.serjjedi.summary-readerUITests";
				PRODUCT_NAME = "$(TARGET_NAME)";
				SWIFT_EMIT_LOC_STRINGS = NO;
				SWIFT_VERSION = 5.0;
				TARGETED_DEVICE_FAMILY = "1,2";
				TEST_TARGET_NAME = summary_reader;
			};
			name = Release;
		};
/* End XCBuildConfiguration section */

/* Begin XCConfigurationList section */
		55081B5E2DAABFF900BE035E /* Build configuration list for PBXProject "summary_reader" */ = {
			isa = XCConfigurationList;
			buildConfigurations = (
				55081B822DAABFFA00BE035E /* Debug */,
				55081B832DAABFFA00BE035E /* Release */,
			);
			defaultConfigurationIsVisible = 0;
			defaultConfigurationName = Release;
		};
		55081B842DAABFFA00BE035E /* Build configuration list for PBXNativeTarget "summary_reader" */ = {
			isa = XCConfigurationList;
			buildConfigurations = (
				55081B852DAABFFA00BE035E /* Debug */,
				55081B862DAABFFA00BE035E /* Release */,
			);
			defaultConfigurationIsVisible = 0;
			defaultConfigurationName = Release;
		};
		55081B872DAABFFA00BE035E /* Build configuration list for PBXNativeTarget "summary_readerTests" */ = {
			isa = XCConfigurationList;
			buildConfigurations = (
				55081B882DAABFFA00BE035E /* Debug */,
				55081B892DAABFFA00BE035E /* Release */,
			);
			defaultConfigurationIsVisible = 0;
			defaultConfigurationName = Release;
		};
		55081B8A2DAABFFA00BE035E /* Build configuration list for PBXNativeTarget "summary_readerUITests" */ = {
			isa = XCConfigurationList;
			buildConfigurations = (
				55081B8B2DAABFFA00BE035E /* Debug */,
				55081B8C2DAABFFA00BE035E /* Release */,
			);
			defaultConfigurationIsVisible = 0;
			defaultConfigurationName = Release;
		};
/* End XCConfigurationList section */

/* Begin XCRemoteSwiftPackageReference section */
		55F0B8A62DAAFF8E00C38644 /* XCRemoteSwiftPackageReference "swift-composable-architecture" */ = {
			isa = XCRemoteSwiftPackageReference;
			repositoryURL = "https://github.com/pointfreeco/swift-composable-architecture";
			requirement = {
				kind = upToNextMajorVersion;
				minimumVersion = 1.19.0;
			};
		};
/* End XCRemoteSwiftPackageReference section */

/* Begin XCSwiftPackageProductDependency section */
		55F0B8A72DAAFF8E00C38644 /* ComposableArchitecture */ = {
			isa = XCSwiftPackageProductDependency;
			package = 55F0B8A62DAAFF8E00C38644 /* XCRemoteSwiftPackageReference "swift-composable-architecture" */;
			productName = ComposableArchitecture;
		};
/* End XCSwiftPackageProductDependency section */
	};
	rootObject = 55081B5B2DAABFF900BE035E /* Project object */;
}
